
Microsoft Visual Studio Solution File, Format Version 12.00
# Visual Studio Version 16
VisualStudioVersion = 16.0.30611.23
MinimumVisualStudioVersion = 10.0.40219.1
Project("{2150E333-8FDC-42A3-9474-1A3956D46DE8}") = "src", "src", "{18A8360E-5410-48A3-9999-D53430CBD500}"
EndProject
Project("{2150E333-8FDC-42A3-9474-1A3956D46DE8}") = "Microservices", "Microservices", "{FA0F9A71-B5E9-48EC-9E66-7F10C553A800}"
EndProject
Project("{2150E333-8FDC-42A3-9474-1A3956D46DE8}") = "Domain", "Domain", "{924A219E-C4F4-4AFB-95D6-A3438BA6D08D}"
EndProject
Project("{2150E333-8FDC-42A3-9474-1A3956D46DE8}") = "Infra.Bus", "Infra.Bus", "{D28F8949-973B-4C69-9C0B-32DAA51C1D64}"
EndProject
Project("{2150E333-8FDC-42A3-9474-1A3956D46DE8}") = "Infra.Ioc", "Infra.Ioc", "{47CFF6AA-B820-4147-9BDD-D08E06139C4C}"
EndProject
Project("{2150E333-8FDC-42A3-9474-1A3956D46DE8}") = "UI", "UI", "{7BFA095D-404D-4A3C-88D0-94EE37A7957D}"
EndProject
Project("{9A19103F-16F7-4668-BE54-9A1E7A4F7556}") = "MicroRabbit.Domin.Core", "src\Domin\MicroRabbit.Domin.Core\MicroRabbit.Domin.Core.csproj", "{0AA176CA-E48C-48E4-A45E-303EF3712642}"
EndProject
Project("{9A19103F-16F7-4668-BE54-9A1E7A4F7556}") = "MicroRabbit.Infra.Bus", "src\Infra.Bus\MicroRabbit.Infra.Bus\MicroRabbit.Infra.Bus.csproj", "{12DF4FF1-F74D-489B-B59C-B1397C080094}"
EndProject
Project("{9A19103F-16F7-4668-BE54-9A1E7A4F7556}") = "MicroRabbit.Infra.IoC", "src\Infra.Ioc\MicroRabbit.Infra.IoC\MicroRabbit.Infra.IoC.csproj", "{5A0D9C14-2951-42D8-A6E5-DE5F07C01409}"
EndProject
Project("{2150E333-8FDC-42A3-9474-1A3956D46DE8}") = "Banking", "Banking", "{27AA71B3-B4B5-4F01-9B75-7DAE18168A34}"
EndProject
Project("{2150E333-8FDC-42A3-9474-1A3956D46DE8}") = "Api", "Api", "{2F04CABF-A9EC-4F36-A7FF-2AD923986338}"
EndProject
Project("{2150E333-8FDC-42A3-9474-1A3956D46DE8}") = "Data", "Data", "{656192A7-75F9-4A39-8678-37D1C3528C20}"
EndProject
Project("{2150E333-8FDC-42A3-9474-1A3956D46DE8}") = "Application", "Application", "{71461AA3-ADC5-442A-9A02-B9AF5D180D0D}"
EndProject
Project("{2150E333-8FDC-42A3-9474-1A3956D46DE8}") = "Domain", "Domain", "{E68EA6E7-0795-4C9B-8D8E-E5938518C2AB}"
EndProject
Project("{9A19103F-16F7-4668-BE54-9A1E7A4F7556}") = "MicroRabbit.Banking.Api", "src\Microservices\Api\MicroRabbit.Banking.Api\MicroRabbit.Banking.Api.csproj", "{0A86AD41-5092-4FD9-B4E2-16A12D963DCA}"
EndProject
Project("{9A19103F-16F7-4668-BE54-9A1E7A4F7556}") = "MicroRabbit.Banking.Application", "src\Microservices\Application\MicroRabbit.Banking.Application\MicroRabbit.Banking.Application.csproj", "{DCF647F7-4E22-4129-8410-94884B17FC3F}"
EndProject
Project("{9A19103F-16F7-4668-BE54-9A1E7A4F7556}") = "MicroRabbit.Banking.Data", "src\Microservices\Data\MicroRabbit.Banking.Data\MicroRabbit.Banking.Data.csproj", "{BC236521-DA5B-4731-96BA-49506CCAF199}"
EndProject
Project("{9A19103F-16F7-4668-BE54-9A1E7A4F7556}") = "MicroRabbit.Banking.Domain", "src\Microservices\Domain\MicroRabbit.Banking.Domain\MicroRabbit.Banking.Domain.csproj", "{8CEA6822-4D15-4493-B567-4855BEF24ED7}"
EndProject
Global
	GlobalSection(SolutionConfigurationPlatforms) = preSolution
		Debug|Any CPU = Debug|Any CPU
		Release|Any CPU = Release|Any CPU
	EndGlobalSection
	GlobalSection(ProjectConfigurationPlatforms) = postSolution
		{0AA176CA-E48C-48E4-A45E-303EF3712642}.Debug|Any CPU.ActiveCfg = Debug|Any CPU
		{0AA176CA-E48C-48E4-A45E-303EF3712642}.Debug|Any CPU.Build.0 = Debug|Any CPU
		{0AA176CA-E48C-48E4-A45E-303EF3712642}.Release|Any CPU.ActiveCfg = Release|Any CPU
		{0AA176CA-E48C-48E4-A45E-303EF3712642}.Release|Any CPU.Build.0 = Release|Any CPU
		{12DF4FF1-F74D-489B-B59C-B1397C080094}.Debug|Any CPU.ActiveCfg = Debug|Any CPU
		{12DF4FF1-F74D-489B-B59C-B1397C080094}.Debug|Any CPU.Build.0 = Debug|Any CPU
		{12DF4FF1-F74D-489B-B59C-B1397C080094}.Release|Any CPU.ActiveCfg = Release|Any CPU
		{12DF4FF1-F74D-489B-B59C-B1397C080094}.Release|Any CPU.Build.0 = Release|Any CPU
		{5A0D9C14-2951-42D8-A6E5-DE5F07C01409}.Debug|Any CPU.ActiveCfg = Debug|Any CPU
		{5A0D9C14-2951-42D8-A6E5-DE5F07C01409}.Debug|Any CPU.Build.0 = Debug|Any CPU
		{5A0D9C14-2951-42D8-A6E5-DE5F07C01409}.Release|Any CPU.ActiveCfg = Release|Any CPU
		{5A0D9C14-2951-42D8-A6E5-DE5F07C01409}.Release|Any CPU.Build.0 = Release|Any CPU
		{0A86AD41-5092-4FD9-B4E2-16A12D963DCA}.Debug|Any CPU.ActiveCfg = Debug|Any CPU
		{0A86AD41-5092-4FD9-B4E2-16A12D963DCA}.Debug|Any CPU.Build.0 = Debug|Any CPU
		{0A86AD41-5092-4FD9-B4E2-16A12D963DCA}.Release|Any CPU.ActiveCfg = Release|Any CPU
		{0A86AD41-5092-4FD9-B4E2-16A12D963DCA}.Release|Any CPU.Build.0 = Release|Any CPU
		{DCF647F7-4E22-4129-8410-94884B17FC3F}.Debug|Any CPU.ActiveCfg = Debug|Any CPU
		{DCF647F7-4E22-4129-8410-94884B17FC3F}.Debug|Any CPU.Build.0 = Debug|Any CPU
		{DCF647F7-4E22-4129-8410-94884B17FC3F}.Release|Any CPU.ActiveCfg = Release|Any CPU
		{DCF647F7-4E22-4129-8410-94884B17FC3F}.Release|Any CPU.Build.0 = Release|Any CPU
		{BC236521-DA5B-4731-96BA-49506CCAF199}.Debug|Any CPU.ActiveCfg = Debug|Any CPU
		{BC236521-DA5B-4731-96BA-49506CCAF199}.Debug|Any CPU.Build.0 = Debug|Any CPU
		{BC236521-DA5B-4731-96BA-49506CCAF199}.Release|Any CPU.ActiveCfg = Release|Any CPU
		{BC236521-DA5B-4731-96BA-49506CCAF199}.Release|Any CPU.Build.0 = Release|Any CPU
		{8CEA6822-4D15-4493-B567-4855BEF24ED7}.Debug|Any CPU.ActiveCfg = Debug|Any CPU
		{8CEA6822-4D15-4493-B567-4855BEF24ED7}.Debug|Any CPU.Build.0 = Debug|Any CPU
		{8CEA6822-4D15-4493-B567-4855BEF24ED7}.Release|Any CPU.ActiveCfg = Release|Any CPU
		{8CEA6822-4D15-4493-B567-4855BEF24ED7}.Release|Any CPU.Build.0 = Release|Any CPU
	EndGlobalSection
	GlobalSection(SolutionProperties) = preSolution
		HideSolutionNode = FALSE
	EndGlobalSection
	GlobalSection(NestedProjects) = preSolution
		{FA0F9A71-B5E9-48EC-9E66-7F10C553A800} = {18A8360E-5410-48A3-9999-D53430CBD500}
		{924A219E-C4F4-4AFB-95D6-A3438BA6D08D} = {18A8360E-5410-48A3-9999-D53430CBD500}
		{D28F8949-973B-4C69-9C0B-32DAA51C1D64} = {18A8360E-5410-48A3-9999-D53430CBD500}
		{47CFF6AA-B820-4147-9BDD-D08E06139C4C} = {18A8360E-5410-48A3-9999-D53430CBD500}
		{7BFA095D-404D-4A3C-88D0-94EE37A7957D} = {18A8360E-5410-48A3-9999-D53430CBD500}
		{0AA176CA-E48C-48E4-A45E-303EF3712642} = {924A219E-C4F4-4AFB-95D6-A3438BA6D08D}
		{12DF4FF1-F74D-489B-B59C-B1397C080094} = {D28F8949-973B-4C69-9C0B-32DAA51C1D64}
		{5A0D9C14-2951-42D8-A6E5-DE5F07C01409} = {47CFF6AA-B820-4147-9BDD-D08E06139C4C}
		{27AA71B3-B4B5-4F01-9B75-7DAE18168A34} = {FA0F9A71-B5E9-48EC-9E66-7F10C553A800}
		{2F04CABF-A9EC-4F36-A7FF-2AD923986338} = {27AA71B3-B4B5-4F01-9B75-7DAE18168A34}
		{656192A7-75F9-4A39-8678-37D1C3528C20} = {27AA71B3-B4B5-4F01-9B75-7DAE18168A34}
		{71461AA3-ADC5-442A-9A02-B9AF5D180D0D} = {27AA71B3-B4B5-4F01-9B75-7DAE18168A34}
		{E68EA6E7-0795-4C9B-8D8E-E5938518C2AB} = {27AA71B3-B4B5-4F01-9B75-7DAE18168A34}
		{0A86AD41-5092-4FD9-B4E2-16A12D963DCA} = {2F04CABF-A9EC-4F36-A7FF-2AD923986338}
		{DCF647F7-4E22-4129-8410-94884B17FC3F} = {71461AA3-ADC5-442A-9A02-B9AF5D180D0D}
		{BC236521-DA5B-4731-96BA-49506CCAF199} = {656192A7-75F9-4A39-8678-37D1C3528C20}
		{8CEA6822-4D15-4493-B567-4855BEF24ED7} = {E68EA6E7-0795-4C9B-8D8E-E5938518C2AB}
	EndGlobalSection
	GlobalSection(ExtensibilityGlobals) = postSolution
		SolutionGuid = {E67C9149-98EA-4F22-9448-8F1F4C67185F}
	EndGlobalSection
EndGlobal
